
Microsoft Visual Studio Solution File, Format Version 12.00
# Visual Studio Version 17
VisualStudioVersion = 17.14.36414.22 d17.14
MinimumVisualStudioVersion = 10.0.40219.1
Project("{FAE04EC0-301F-11D3-BF4B-00C04F79EFBC}") = "template", "template\template.csproj", "{FB72718D-916C-4C3F-B042-715C6BF6FF61}"
EndProject
Global
	GlobalSection(SolutionConfigurationPlatforms) = preSolution
		Debug|Any CPU = Debug|Any CPU
		Release|Any CPU = Release|Any CPU
	EndGlobalSection
	GlobalSection(ProjectConfigurationPlatforms) = postSolution
		{FB72718D-916C-4C3F-B042-715C6BF6FF61}.Debug|Any CPU.ActiveCfg = Debug|Any CPU
		{FB72718D-916C-4C3F-B042-715C6BF6FF61}.Debug|Any CPU.Build.0 = Debug|Any CPU
		{FB72718D-916C-4C3F-B042-715C6BF6FF61}.Release|Any CPU.ActiveCfg = Release|Any CPU
		{FB72718D-916C-4C3F-B042-715C6BF6FF61}.Release|Any CPU.Build.0 = Release|Any CPU
	EndGlobalSection
	GlobalSection(SolutionProperties) = preSolution
		HideSolutionNode = FALSE
	EndGlobalSection
	GlobalSection(ExtensibilityGlobals) = postSolution
		SolutionGuid = {6A24B507-FA54-49C7-8C9D-2274EC5E7070}
	EndGlobalSection
EndGlobal
